
Microsoft Visual Studio Solution File, Format Version 12.00
# Visual Studio Version 16
VisualStudioVersion = 16.0.28407.52
MinimumVisualStudioVersion = 10.0.40219.1
Project("{FAE04EC0-301F-11D3-BF4B-00C04F79EFBC}") = "CloudMap.RegisterMe", "CloudMap.RegisterMe\CloudMap.RegisterMe.csproj", "{AB971146-3AB5-4C68-95D2-30F77999A5B7}"
EndProject
Global
	GlobalSection(SolutionConfigurationPlatforms) = preSolution
		Debug|Any CPU = Debug|Any CPU
		Release|Any CPU = Release|Any CPU
	EndGlobalSection
	GlobalSection(ProjectConfigurationPlatforms) = postSolution
		{AB971146-3AB5-4C68-95D2-30F77999A5B7}.Debug|Any CPU.ActiveCfg = Debug|Any CPU
		{AB971146-3AB5-4C68-95D2-30F77999A5B7}.Debug|Any CPU.Build.0 = Debug|Any CPU
		{AB971146-3AB5-4C68-95D2-30F77999A5B7}.Release|Any CPU.ActiveCfg = Release|Any CPU
		{AB971146-3AB5-4C68-95D2-30F77999A5B7}.Release|Any CPU.Build.0 = Release|Any CPU
	EndGlobalSection
	GlobalSection(SolutionProperties) = preSolution
		HideSolutionNode = FALSE
	EndGlobalSection
	GlobalSection(ExtensibilityGlobals) = postSolution
		SolutionGuid = {F4E12F3A-76B4-4697-9942-08987725665D}
	EndGlobalSection
EndGlobal
